
Microsoft Visual Studio Solution File, Format Version 12.00
# Visual Studio Version 17
VisualStudioVersion = 17.0.31903.59
MinimumVisualStudioVersion = 10.0.40219.1
Project("{2150E333-8FDC-42A3-9474-1A3956D46DE8}") = "gui", "gui", "{9824AA2D-9169-1FBC-8A83-7227C72EA239}"
EndProject
Project("{FAE04EC0-301F-11D3-BF4B-00C04F79EFBC}") = "DriftBuster.Backend", "gui\DriftBuster.Backend\DriftBuster.Backend.csproj", "{BA49311F-3FC1-41B1-A4C4-EEC617A7CFBD}"
EndProject
Project("{FAE04EC0-301F-11D3-BF4B-00C04F79EFBC}") = "DriftBuster.Gui", "gui\DriftBuster.Gui\DriftBuster.Gui.csproj", "{3C98A5FC-D202-4E66-946B-3486C043A305}"
EndProject
Project("{FAE04EC0-301F-11D3-BF4B-00C04F79EFBC}") = "DriftBuster.Gui.Tests", "gui\DriftBuster.Gui.Tests\DriftBuster.Gui.Tests.csproj", "{00A9B93F-726C-4510-B062-950FB71E87CD}"
EndProject
Global
	GlobalSection(SolutionConfigurationPlatforms) = preSolution
		Debug|Any CPU = Debug|Any CPU
		Debug|x64 = Debug|x64
		Debug|x86 = Debug|x86
		Release|Any CPU = Release|Any CPU
		Release|x64 = Release|x64
		Release|x86 = Release|x86
	EndGlobalSection
	GlobalSection(ProjectConfigurationPlatforms) = postSolution
		{BA49311F-3FC1-41B1-A4C4-EEC617A7CFBD}.Debug|Any CPU.ActiveCfg = Debug|Any CPU
		{BA49311F-3FC1-41B1-A4C4-EEC617A7CFBD}.Debug|Any CPU.Build.0 = Debug|Any CPU
		{BA49311F-3FC1-41B1-A4C4-EEC617A7CFBD}.Debug|x64.ActiveCfg = Debug|Any CPU
		{BA49311F-3FC1-41B1-A4C4-EEC617A7CFBD}.Debug|x64.Build.0 = Debug|Any CPU
		{BA49311F-3FC1-41B1-A4C4-EEC617A7CFBD}.Debug|x86.ActiveCfg = Debug|Any CPU
		{BA49311F-3FC1-41B1-A4C4-EEC617A7CFBD}.Debug|x86.Build.0 = Debug|Any CPU
		{BA49311F-3FC1-41B1-A4C4-EEC617A7CFBD}.Release|Any CPU.ActiveCfg = Release|Any CPU
		{BA49311F-3FC1-41B1-A4C4-EEC617A7CFBD}.Release|Any CPU.Build.0 = Release|Any CPU
		{BA49311F-3FC1-41B1-A4C4-EEC617A7CFBD}.Release|x64.ActiveCfg = Release|Any CPU
		{BA49311F-3FC1-41B1-A4C4-EEC617A7CFBD}.Release|x64.Build.0 = Release|Any CPU
		{BA49311F-3FC1-41B1-A4C4-EEC617A7CFBD}.Release|x86.ActiveCfg = Release|Any CPU
		{BA49311F-3FC1-41B1-A4C4-EEC617A7CFBD}.Release|x86.Build.0 = Release|Any CPU
		{3C98A5FC-D202-4E66-946B-3486C043A305}.Debug|Any CPU.ActiveCfg = Debug|Any CPU
		{3C98A5FC-D202-4E66-946B-3486C043A305}.Debug|Any CPU.Build.0 = Debug|Any CPU
		{3C98A5FC-D202-4E66-946B-3486C043A305}.Debug|x64.ActiveCfg = Debug|Any CPU
		{3C98A5FC-D202-4E66-946B-3486C043A305}.Debug|x64.Build.0 = Debug|Any CPU
		{3C98A5FC-D202-4E66-946B-3486C043A305}.Debug|x86.ActiveCfg = Debug|Any CPU
		{3C98A5FC-D202-4E66-946B-3486C043A305}.Debug|x86.Build.0 = Debug|Any CPU
		{3C98A5FC-D202-4E66-946B-3486C043A305}.Release|Any CPU.ActiveCfg = Release|Any CPU
		{3C98A5FC-D202-4E66-946B-3486C043A305}.Release|Any CPU.Build.0 = Release|Any CPU
		{3C98A5FC-D202-4E66-946B-3486C043A305}.Release|x64.ActiveCfg = Release|Any CPU
		{3C98A5FC-D202-4E66-946B-3486C043A305}.Release|x64.Build.0 = Release|Any CPU
		{3C98A5FC-D202-4E66-946B-3486C043A305}.Release|x86.ActiveCfg = Release|Any CPU
		{3C98A5FC-D202-4E66-946B-3486C043A305}.Release|x86.Build.0 = Release|Any CPU
		{00A9B93F-726C-4510-B062-950FB71E87CD}.Debug|Any CPU.ActiveCfg = Debug|Any CPU
		{00A9B93F-726C-4510-B062-950FB71E87CD}.Debug|Any CPU.Build.0 = Debug|Any CPU
		{00A9B93F-726C-4510-B062-950FB71E87CD}.Debug|x64.ActiveCfg = Debug|Any CPU
		{00A9B93F-726C-4510-B062-950FB71E87CD}.Debug|x64.Build.0 = Debug|Any CPU
		{00A9B93F-726C-4510-B062-950FB71E87CD}.Debug|x86.ActiveCfg = Debug|Any CPU
		{00A9B93F-726C-4510-B062-950FB71E87CD}.Debug|x86.Build.0 = Debug|Any CPU
		{00A9B93F-726C-4510-B062-950FB71E87CD}.Release|Any CPU.ActiveCfg = Release|Any CPU
		{00A9B93F-726C-4510-B062-950FB71E87CD}.Release|Any CPU.Build.0 = Release|Any CPU
		{00A9B93F-726C-4510-B062-950FB71E87CD}.Release|x64.ActiveCfg = Release|Any CPU
		{00A9B93F-726C-4510-B062-950FB71E87CD}.Release|x64.Build.0 = Release|Any CPU
		{00A9B93F-726C-4510-B062-950FB71E87CD}.Release|x86.ActiveCfg = Release|Any CPU
		{00A9B93F-726C-4510-B062-950FB71E87CD}.Release|x86.Build.0 = Release|Any CPU
	EndGlobalSection
	GlobalSection(SolutionProperties) = preSolution
		HideSolutionNode = FALSE
	EndGlobalSection
	GlobalSection(NestedProjects) = preSolution
		{BA49311F-3FC1-41B1-A4C4-EEC617A7CFBD} = {9824AA2D-9169-1FBC-8A83-7227C72EA239}
		{3C98A5FC-D202-4E66-946B-3486C043A305} = {9824AA2D-9169-1FBC-8A83-7227C72EA239}
		{00A9B93F-726C-4510-B062-950FB71E87CD} = {9824AA2D-9169-1FBC-8A83-7227C72EA239}
	EndGlobalSection
EndGlobal
